
Microsoft Visual Studio Solution File, Format Version 12.00
# Visual Studio Version 16
VisualStudioVersion = 16.0.30320.27
MinimumVisualStudioVersion = 15.0.26124.0
Project("{2150E333-8FDC-42A3-9474-1A3956D46DE8}") = "src", "src", "{AE469D2E-EF21-4F07-B5B4-46BBC4061D10}"
EndProject
Project("{2150E333-8FDC-42A3-9474-1A3956D46DE8}") = "test", "test", "{4B907854-B08B-41DD-95CB-3D9358987AEA}"
EndProject
Project("{9A19103F-16F7-4668-BE54-9A1E7A4F7556}") = "Xunit.Categories", "src\Xunit.Categories\Xunit.Categories.csproj", "{C82AD558-CEC5-463E-9CA3-451DF7D5F785}"
EndProject
Project("{9A19103F-16F7-4668-BE54-9A1E7A4F7556}") = "Xunit.Categories.Test", "test\Xunit.Categories.Test\Xunit.Categories.Test.csproj", "{43D92733-FA44-4B93-8204-6AE5EC30F558}"
EndProject
Project("{FAE04EC0-301F-11D3-BF4B-00C04F79EFBC}") = "Xunit.Categories.Generator", "src\Xunit.Categories.Generator\Xunit.Categories.Generator.csproj", "{FCABBFD7-5AFE-4F2B-97B0-D635947CACF5}"
EndProject
Project("{FAE04EC0-301F-11D3-BF4B-00C04F79EFBC}") = "Xunit.Categories.Generator.Test", "test\Xunit.Categories.Generator.Test\Xunit.Categories.Generator.Test.csproj", "{D9F1D0F0-12BE-468B-8B0D-B0B724D0073A}"
EndProject
Global
	GlobalSection(SolutionConfigurationPlatforms) = preSolution
		Debug|Any CPU = Debug|Any CPU
		Debug|x64 = Debug|x64
		Debug|x86 = Debug|x86
		Release|Any CPU = Release|Any CPU
		Release|x64 = Release|x64
		Release|x86 = Release|x86
	EndGlobalSection
	GlobalSection(ProjectConfigurationPlatforms) = postSolution
		{C82AD558-CEC5-463E-9CA3-451DF7D5F785}.Debug|Any CPU.ActiveCfg = Debug|Any CPU
		{C82AD558-CEC5-463E-9CA3-451DF7D5F785}.Debug|Any CPU.Build.0 = Debug|Any CPU
		{C82AD558-CEC5-463E-9CA3-451DF7D5F785}.Debug|x64.ActiveCfg = Debug|Any CPU
		{C82AD558-CEC5-463E-9CA3-451DF7D5F785}.Debug|x64.Build.0 = Debug|Any CPU
		{C82AD558-CEC5-463E-9CA3-451DF7D5F785}.Debug|x86.ActiveCfg = Debug|Any CPU
		{C82AD558-CEC5-463E-9CA3-451DF7D5F785}.Debug|x86.Build.0 = Debug|Any CPU
		{C82AD558-CEC5-463E-9CA3-451DF7D5F785}.Release|Any CPU.ActiveCfg = Release|Any CPU
		{C82AD558-CEC5-463E-9CA3-451DF7D5F785}.Release|Any CPU.Build.0 = Release|Any CPU
		{C82AD558-CEC5-463E-9CA3-451DF7D5F785}.Release|x64.ActiveCfg = Release|Any CPU
		{C82AD558-CEC5-463E-9CA3-451DF7D5F785}.Release|x64.Build.0 = Release|Any CPU
		{C82AD558-CEC5-463E-9CA3-451DF7D5F785}.Release|x86.ActiveCfg = Release|Any CPU
		{C82AD558-CEC5-463E-9CA3-451DF7D5F785}.Release|x86.Build.0 = Release|Any CPU
		{43D92733-FA44-4B93-8204-6AE5EC30F558}.Debug|Any CPU.ActiveCfg = Debug|Any CPU
		{43D92733-FA44-4B93-8204-6AE5EC30F558}.Debug|Any CPU.Build.0 = Debug|Any CPU
		{43D92733-FA44-4B93-8204-6AE5EC30F558}.Debug|x64.ActiveCfg = Debug|Any CPU
		{43D92733-FA44-4B93-8204-6AE5EC30F558}.Debug|x64.Build.0 = Debug|Any CPU
		{43D92733-FA44-4B93-8204-6AE5EC30F558}.Debug|x86.ActiveCfg = Debug|Any CPU
		{43D92733-FA44-4B93-8204-6AE5EC30F558}.Debug|x86.Build.0 = Debug|Any CPU
		{43D92733-FA44-4B93-8204-6AE5EC30F558}.Release|Any CPU.ActiveCfg = Release|Any CPU
		{43D92733-FA44-4B93-8204-6AE5EC30F558}.Release|Any CPU.Build.0 = Release|Any CPU
		{43D92733-FA44-4B93-8204-6AE5EC30F558}.Release|x64.ActiveCfg = Release|Any CPU
		{43D92733-FA44-4B93-8204-6AE5EC30F558}.Release|x64.Build.0 = Release|Any CPU
		{43D92733-FA44-4B93-8204-6AE5EC30F558}.Release|x86.ActiveCfg = Release|Any CPU
		{43D92733-FA44-4B93-8204-6AE5EC30F558}.Release|x86.Build.0 = Release|Any CPU
		{FCABBFD7-5AFE-4F2B-97B0-D635947CACF5}.Debug|Any CPU.ActiveCfg = Debug|Any CPU
		{FCABBFD7-5AFE-4F2B-97B0-D635947CACF5}.Debug|Any CPU.Build.0 = Debug|Any CPU
		{FCABBFD7-5AFE-4F2B-97B0-D635947CACF5}.Debug|x64.ActiveCfg = Debug|Any CPU
		{FCABBFD7-5AFE-4F2B-97B0-D635947CACF5}.Debug|x64.Build.0 = Debug|Any CPU
		{FCABBFD7-5AFE-4F2B-97B0-D635947CACF5}.Debug|x86.ActiveCfg = Debug|Any CPU
		{FCABBFD7-5AFE-4F2B-97B0-D635947CACF5}.Debug|x86.Build.0 = Debug|Any CPU
		{FCABBFD7-5AFE-4F2B-97B0-D635947CACF5}.Release|Any CPU.ActiveCfg = Release|Any CPU
		{FCABBFD7-5AFE-4F2B-97B0-D635947CACF5}.Release|Any CPU.Build.0 = Release|Any CPU
		{FCABBFD7-5AFE-4F2B-97B0-D635947CACF5}.Release|x64.ActiveCfg = Release|Any CPU
		{FCABBFD7-5AFE-4F2B-97B0-D635947CACF5}.Release|x64.Build.0 = Release|Any CPU
		{FCABBFD7-5AFE-4F2B-97B0-D635947CACF5}.Release|x86.ActiveCfg = Release|Any CPU
		{FCABBFD7-5AFE-4F2B-97B0-D635947CACF5}.Release|x86.Build.0 = Release|Any CPU
		{D9F1D0F0-12BE-468B-8B0D-B0B724D0073A}.Debug|Any CPU.ActiveCfg = Debug|Any CPU
		{D9F1D0F0-12BE-468B-8B0D-B0B724D0073A}.Debug|Any CPU.Build.0 = Debug|Any CPU
		{D9F1D0F0-12BE-468B-8B0D-B0B724D0073A}.Debug|x64.ActiveCfg = Debug|Any CPU
		{D9F1D0F0-12BE-468B-8B0D-B0B724D0073A}.Debug|x64.Build.0 = Debug|Any CPU
		{D9F1D0F0-12BE-468B-8B0D-B0B724D0073A}.Debug|x86.ActiveCfg = Debug|Any CPU
		{D9F1D0F0-12BE-468B-8B0D-B0B724D0073A}.Debug|x86.Build.0 = Debug|Any CPU
		{D9F1D0F0-12BE-468B-8B0D-B0B724D0073A}.Release|Any CPU.ActiveCfg = Release|Any CPU
		{D9F1D0F0-12BE-468B-8B0D-B0B724D0073A}.Release|Any CPU.Build.0 = Release|Any CPU
		{D9F1D0F0-12BE-468B-8B0D-B0B724D0073A}.Release|x64.ActiveCfg = Release|Any CPU
		{D9F1D0F0-12BE-468B-8B0D-B0B724D0073A}.Release|x64.Build.0 = Release|Any CPU
		{D9F1D0F0-12BE-468B-8B0D-B0B724D0073A}.Release|x86.ActiveCfg = Release|Any CPU
		{D9F1D0F0-12BE-468B-8B0D-B0B724D0073A}.Release|x86.Build.0 = Release|Any CPU
	EndGlobalSection
	GlobalSection(SolutionProperties) = preSolution
		HideSolutionNode = FALSE
	EndGlobalSection
	GlobalSection(NestedProjects) = preSolution
		{C82AD558-CEC5-463E-9CA3-451DF7D5F785} = {AE469D2E-EF21-4F07-B5B4-46BBC4061D10}
		{43D92733-FA44-4B93-8204-6AE5EC30F558} = {4B907854-B08B-41DD-95CB-3D9358987AEA}
		{FCABBFD7-5AFE-4F2B-97B0-D635947CACF5} = {AE469D2E-EF21-4F07-B5B4-46BBC4061D10}
		{D9F1D0F0-12BE-468B-8B0D-B0B724D0073A} = {4B907854-B08B-41DD-95CB-3D9358987AEA}
	EndGlobalSection
	GlobalSection(ExtensibilityGlobals) = postSolution
		SolutionGuid = {114ACC43-D125-4D91-AFEF-45CFA403FAAF}
	EndGlobalSection
EndGlobal
